Microsoft Visual Studio Solution File, Format Version 12.00
# Visual Studio Version 17
VisualStudioVersion = 17.5.2.0
MinimumVisualStudioVersion = 10.0.40219.1
Project("{FAE04EC0-301F-11D3-BF4B-00C04F79EFBC}") = "AuthCoreApi", "AuthCoreApi.csproj", "{AE01B31C-2B61-18B5-9E51-8FA8B6C606F0}"
EndProject
Global
	GlobalSection(SolutionConfigurationPlatforms) = preSolution
		Debug|Any CPU = Debug|Any CPU
		Release|Any CPU = Release|Any CPU
	EndGlobalSection
	GlobalSection(ProjectConfigurationPlatforms) = postSolution
		{AE01B31C-2B61-18B5-9E51-8FA8B6C606F0}.Debug|Any CPU.ActiveCfg = Debug|Any CPU
		{AE01B31C-2B61-18B5-9E51-8FA8B6C606F0}.Debug|Any CPU.Build.0 = Debug|Any CPU
		{AE01B31C-2B61-18B5-9E51-8FA8B6C606F0}.Release|Any CPU.ActiveCfg = Release|Any CPU
		{AE01B31C-2B61-18B5-9E51-8FA8B6C606F0}.Release|Any CPU.Build.0 = Release|Any CPU
	EndGlobalSection
	GlobalSection(SolutionProperties) = preSolution
		HideSolutionNode = FALSE
	EndGlobalSection
	GlobalSection(ExtensibilityGlobals) = postSolution
		SolutionGuid = {5A8F77DB-1054-4AD1-83D5-4EA8EE6C168C}
	EndGlobalSection
EndGlobal
